{
  "name": "dooray-mcp-link",
  "version": "0.2.0",
  "lockfileVersion": 3,
  "requires": true,
  "packages": {
    "": {
      "name": "dooray-mcp-link",
      "version": "0.2.0",
      "license": "MIT",
      "bin": {
        "dooray-mcp-link": "src/index.js"
      },
      "engines": {
        "node": ">=18"
      }
    }
  }
}
